{
  "name": "workbuddy-skin-studio",
  "version": "0.1.0",
  "lockfileVersion": 3,
  "requires": true,
  "packages": {
    "": {
      "name": "workbuddy-skin-studio",
      "version": "0.1.0",
      "license": "MIT",
      "dependencies": {
        "@codedrobe/core": "0.6.1"
      },
      "engines": {
        "node": ">=20"
      }
    },
    "node_modules/@codedrobe/core": {
      "version": "0.6.1",
      "resolved": "https://registry.npmjs.org/@codedrobe/core/-/core-0.6.1.tgz",
      "integrity": "sha512-zD8zUGTL8SiA77PvAbpuxx7uvE390mCFE4b5I8ZQcu+FiQyJ4RlGnMyPYXQk28UR6kFI/D5j7hCdN4Z37sa0vw==",
      "license": "Apache-2.0",
      "bin": {
        "codedrobe": "bin/codedrobe.mjs"
      },
      "engines": {
        "node": ">=22.4"
      }
    }
  }
}
